// !$*UTF8*$!
{
	archiveVersion = 1;
	classes = {
	};
	objectVersion = 50;
	objects = {

/* Begin PBXBuildFile section */
		9DA0FAF222EAF5DE00C243BD /* AppDelegate.swift in Sources */ = {isa = PBXBuildFile; fileRef = 9DA0FAF122EAF5DE00C243BD /* AppDelegate.swift */; };
		9DA0FAF422EAF5DE00C243BD /* ViewController.swift in Sources */ = {isa = PBXBuildFile; fileRef = 9DA0FAF322EAF5DE00C243BD /* ViewController.swift */; };
		9DA0FAF722EAF5DE00C243BD /* Main.storyboard in Resources */ = {isa = PBXBuildFile; fileRef = 9DA0FAF522EAF5DE00C243BD /* Main.storyboard */; };
		9DA0FAF922EAF5E200C243BD /* Assets.xcassets in Resources */ = {isa = PBXBuildFile; fileRef = 9DA0FAF822EAF5E200C243BD /* Assets.xcassets */; };
		9DA0FAFC22EAF5E200C243BD /* LaunchScreen.storyboard in Resources */ = {isa = PBXBuildFile; fileRef = 9DA0FAFA22EAF5E200C243BD /* LaunchScreen.storyboard */; };
		9DA0FB0422EAF9C800C243BD /* SPFlightTableViewCell.swift in Sources */ = {isa = PBXBuildFile; fileRef = 9DA0FB0322EAF9C800C243BD /* SPFlightTableViewCell.swift */; };
		9DA0FB2022EAFD0B00C243BD /* SPFlight.swift in Sources */ = {isa = PBXBuildFile; fileRef = 9DA0FB1F22EAFD0B00C243BD /* SPFlight.swift */; };
		9DA0FB2322EB00B300C243BD /* SPFlightTableViewCell.xib in Resources */ = {isa = PBXBuildFile; fileRef = 9DA0FB2222EB00B300C243BD /* SPFlightTableViewCell.xib */; };
		AC06C68422EB10FF00BE2600 /* Date+Utils.swift in Sources */ = {isa = PBXBuildFile; fileRef = AC06C68322EB10FF00BE2600 /* Date+Utils.swift */; };
		AC06C68622EB257C00BE2600 /* URL+Utils.swift in Sources */ = {isa = PBXBuildFile; fileRef = AC06C68522EB257C00BE2600 /* URL+Utils.swift */; };
/* End PBXBuildFile section */

/* Begin PBXFileReference section */
		9DA0FAEE22EAF5DE00C243BD /* SkyPac.app */ = {isa = PBXFileReference; explicitFileType = wrapper.application; includeInIndex = 0; path = SkyPac.app; sourceTree = BUILT_PRODUCTS_DIR; };
		9DA0FAF122EAF5DE00C243BD /* AppDelegate.swift */ = {isa = PBXFileReference; lastKnownFileType = sourcecode.swift; path = AppDelegate.swift; sourceTree = "<group>"; };
		9DA0FAF322EAF5DE00C243BD /* ViewController.swift */ = {isa = PBXFileReference; lastKnownFileType = sourcecode.swift; path = ViewController.swift; sourceTree = "<group>"; };
		9DA0FAF622EAF5DE00C243BD /* Base */ = {isa = PBXFileReference; lastKnownFileType = file.storyboard; name = Base; path = Base.lproj/Main.storyboard; sourceTree = "<group>"; };
		9DA0FAF822EAF5E200C243BD /* Assets.xcassets */ = {isa = PBXFileReference; lastKnownFileType = folder.assetcatalog; path = Assets.xcassets; sourceTree = "<group>"; };
		9DA0FAFB22EAF5E200C243BD /* Base */ = {isa = PBXFileReference; lastKnownFileType = file.storyboard; name = Base; path = Base.lproj/LaunchScreen.storyboard; sourceTree = "<group>"; };
		9DA0FAFD22EAF5E200C243BD /* Info.plist */ = {isa = PBXFileReference; lastKnownFileType = text.plist.xml; path = Info.plist; sourceTree = "<group>"; };
		9DA0FB0322EAF9C800C243BD /* SPFlightTableViewCell.swift */ = {isa = PBXFileReference; lastKnownFileType = sourcecode.swift; path = SPFlightTableViewCell.swift; sourceTree = "<group>"; };
		9DA0FB1F22EAFD0B00C243BD /* SPFlight.swift */ = {isa = PBXFileReference; lastKnownFileType = sourcecode.swift; name = SPFlight.swift; path = SkyPac/View/ViewControllers/SPFlight.swift; sourceTree = SOURCE_ROOT; };
		9DA0FB2222EB00B300C243BD /* SPFlightTableViewCell.xib */ = {isa = PBXFileReference; lastKnownFileType = file.xib; path = SPFlightTableViewCell.xib; sourceTree = "<group>"; };
		AC06C68322EB10FF00BE2600 /* Date+Utils.swift */ = {isa = PBXFileReference; lastKnownFileType = sourcecode.swift; path = "Date+Utils.swift"; sourceTree = "<group>"; };
		AC06C68522EB257C00BE2600 /* URL+Utils.swift */ = {isa = PBXFileReference; lastKnownFileType = sourcecode.swift; path = "URL+Utils.swift"; sourceTree = "<group>"; };
/* End PBXFileReference section */

/* Begin PBXFrameworksBuildPhase section */
		9DA0FAEB22EAF5DE00C243BD /* Frameworks */ = {
			isa = PBXFrameworksBuildPhase;
			buildActionMask = 2147483647;
			files = (
			);
			runOnlyForDeploymentPostprocessing = 0;
		};
/* End PBXFrameworksBuildPhase section */

/* Begin PBXGroup section */
		9DA0FAE522EAF5DE00C243BD = {
			isa = PBXGroup;
			children = (
				9DA0FAF022EAF5DE00C243BD /* SkyPac */,
				9DA0FAEF22EAF5DE00C243BD /* Products */,
			);
			sourceTree = "<group>";
		};
		9DA0FAEF22EAF5DE00C243BD /* Products */ = {
			isa = PBXGroup;
			children = (
				9DA0FAEE22EAF5DE00C243BD /* SkyPac.app */,
			);
			name = Products;
			sourceTree = "<group>";
		};
		9DA0FAF022EAF5DE00C243BD /* SkyPac */ = {
			isa = PBXGroup;
			children = (
				9DA0FAF122EAF5DE00C243BD /* AppDelegate.swift */,
				9DA0FB0722EAFA0D00C243BD /* Networking */,
				9DA0FB0822EAFA2300C243BD /* Model */,
				9DA0FB0522EAF9D800C243BD /* View */,
				9DA0FB2122EAFDA200C243BD /* Utils */,
				9DA0FB0622EAF9FD00C243BD /* SupportingFiles */,
				9DA0FAFD22EAF5E200C243BD /* Info.plist */,
			);
			path = SkyPac;
			sourceTree = "<group>";
		};
		9DA0FB0522EAF9D800C243BD /* View */ = {
			isa = PBXGroup;
			children = (
				9DA0FB0922EAFA3900C243BD /* ViewControllers */,
				9DA0FB0A22EAFA4300C243BD /* Components */,
			);
			path = View;
			sourceTree = "<group>";
		};
		9DA0FB0622EAF9FD00C243BD /* SupportingFiles */ = {
			isa = PBXGroup;
			children = (
				9DA0FAF522EAF5DE00C243BD /* Main.storyboard */,
				9DA0FAF822EAF5E200C243BD /* Assets.xcassets */,
				9DA0FAFA22EAF5E200C243BD /* LaunchScreen.storyboard */,
			);
			path = SupportingFiles;
			sourceTree = "<group>";
		};
		9DA0FB0722EAFA0D00C243BD /* Networking */ = {
			isa = PBXGroup;
			children = (
			);
			path = Networking;
			sourceTree = "<group>";
		};
		9DA0FB0822EAFA2300C243BD /* Model */ = {
			isa = PBXGroup;
			children = (
				9DA0FB1F22EAFD0B00C243BD /* SPFlight.swift */,
			);
			path = Model;
			sourceTree = "<group>";
		};
		9DA0FB0922EAFA3900C243BD /* ViewControllers */ = {
			isa = PBXGroup;
			children = (
				9DA0FAF322EAF5DE00C243BD /* ViewController.swift */,
			);
			path = ViewControllers;
			sourceTree = "<group>";
		};
		9DA0FB0A22EAFA4300C243BD /* Components */ = {
			isa = PBXGroup;
			children = (
				9DA0FB0322EAF9C800C243BD /* SPFlightTableViewCell.swift */,
				9DA0FB2222EB00B300C243BD /* SPFlightTableViewCell.xib */,
			);
			path = Components;
			sourceTree = "<group>";
		};
		9DA0FB2122EAFDA200C243BD /* Utils */ = {
			isa = PBXGroup;
			children = (
				AC06C68322EB10FF00BE2600 /* Date+Utils.swift */,
				AC06C68522EB257C00BE2600 /* URL+Utils.swift */,
			);
			path = Utils;
			sourceTree = "<group>";
		};
/* End PBXGroup section */

/* Begin PBXNativeTarget section */
		9DA0FAED22EAF5DE00C243BD /* SkyPac */ = {
			isa = PBXNativeTarget;
			buildConfigurationList = 9DA0FB0022EAF5E200C243BD /* Build configuration list for PBXNativeTarget "SkyPac" */;
			buildPhases = (
				9DA0FAEA22EAF5DE00C243BD /* Sources */,
				9DA0FAEB22EAF5DE00C243BD /* Frameworks */,
				9DA0FAEC22EAF5DE00C243BD /* Resources */,
			);
			buildRules = (
			);
			dependencies = (
			);
			name = SkyPac;
			productName = SkyPac;
			productReference = 9DA0FAEE22EAF5DE00C243BD /* SkyPac.app */;
			productType = "com.apple.product-type.application";
		};
/* End PBXNativeTarget section */

/* Begin PBXProject section */
		9DA0FAE622EAF5DE00C243BD /* Project object */ = {
			isa = PBXProject;
			attributes = {
				LastSwiftUpdateCheck = 1020;
				LastUpgradeCheck = 1020;
				ORGANIZATIONNAME = "Jozef Vrana";
				TargetAttributes = {
					9DA0FAED22EAF5DE00C243BD = {
						CreatedOnToolsVersion = 10.2.1;
					};
				};
			};
			buildConfigurationList = 9DA0FAE922EAF5DE00C243BD /* Build configuration list for PBXProject "SkyPac" */;
			compatibilityVersion = "Xcode 9.3";
			developmentRegion = en;
			hasScannedForEncodings = 0;
			knownRegions = (
				en,
				Base,
			);
			mainGroup = 9DA0FAE522EAF5DE00C243BD;
			productRefGroup = 9DA0FAEF22EAF5DE00C243BD /* Products */;
			projectDirPath = "";
			projectRoot = "";
			targets = (
				9DA0FAED22EAF5DE00C243BD /* SkyPac */,
			);
		};
/* End PBXProject section */

/* Begin PBXResourcesBuildPhase section */
		9DA0FAEC22EAF5DE00C243BD /* Resources */ = {
			isa = PBXResourcesBuildPhase;
			buildActionMask = 2147483647;
			files = (
				9DA0FAFC22EAF5E200C243BD /* LaunchScreen.storyboard in Resources */,
				9DA0FAF922EAF5E200C243BD /* Assets.xcassets in Resources */,
				9DA0FB2322EB00B300C243BD /* SPFlightTableViewCell.xib in Resources */,
				9DA0FAF722EAF5DE00C243BD /* Main.storyboard in Resources */,
			);
			runOnlyForDeploymentPostprocessing = 0;
		};
/* End PBXResourcesBuildPhase section */

/* Begin PBXSourcesBuildPhase section */
		9DA0FAEA22EAF5DE00C243BD /* Sources */ = {
			isa = PBXSourcesBuildPhase;
			buildActionMask = 2147483647;
			files = (
				9DA0FB2022EAFD0B00C243BD /* SPFlight.swift in Sources */,
				9DA0FAF422EAF5DE00C243BD /* ViewController.swift in Sources */,
				9DA0FAF222EAF5DE00C243BD /* AppDelegate.swift in Sources */,
				9DA0FB0422EAF9C800C243BD /* SPFlightTableViewCell.swift in Sources */,
				AC06C68422EB10FF00BE2600 /* Date+Utils.swift in Sources */,
				AC06C68622EB257C00BE2600 /* URL+Utils.swift in Sources */,
			);
			runOnlyForDeploymentPostprocessing = 0;
		};
/* End PBXSourcesBuildPhase section */

/* Begin PBXVariantGroup section */
		9DA0FAF522EAF5DE00C243BD /* Main.storyboard */ = {
			isa = PBXVariantGroup;
			children = (
				9DA0FAF622EAF5DE00C243BD /* Base */,
			);
			name = Main.storyboard;
			sourceTree = "<group>";
		};
		9DA0FAFA22EAF5E200C243BD /* LaunchScreen.storyboard */ = {
			isa = PBXVariantGroup;
			children = (
				9DA0FAFB22EAF5E200C243BD /* Base */,
			);
			name = LaunchScreen.storyboard;
			sourceTree = "<group>";
		};
/* End PBXVariantGroup section */

/* Begin XCBuildConfiguration section */
		9DA0FAFE22EAF5E200C243BD /* Debug */ = {
			isa = XCBuildConfiguration;
			buildSettings = {
				ALWAYS_SEARCH_USER_PATHS = NO;
				CLANG_ANALYZER_NONNULL = YES;
				CLANG_ANALYZER_NUMBER_OBJECT_CONVERSION = YES_AGGRESSIVE;
				CLANG_CXX_LANGUAGE_STANDARD = "gnu++14";
				CLANG_CXX_LIBRARY = "libc++";
				CLANG_ENABLE_MODULES = YES;
				CLANG_ENABLE_OBJC_ARC = YES;
				CLANG_ENABLE_OBJC_WEAK = YES;
				CLANG_WARN_BLOCK_CAPTURE_AUTORELEASING = YES;
				CLANG_WARN_BOOL_CONVERSION = YES;
				CLANG_WARN_COMMA = YES;
				CLANG_WARN_CONSTANT_CONVERSION = YES;
				CLANG_WARN_DEPRECATED_OBJC_IMPLEMENTATIONS = YES;
				CLANG_WARN_DIRECT_OBJC_ISA_USAGE = YES_ERROR;
				CLANG_WARN_DOCUMENTATION_COMMENTS = YES;
				CLANG_WARN_EMPTY_BODY = YES;
				CLANG_WARN_ENUM_CONVERSION = YES;
				CLANG_WARN_INFINITE_RECURSION = YES;
				CLANG_WARN_INT_CONVERSION = YES;
				CLANG_WARN_NON_LITERAL_NULL_CONVERSION = YES;
				CLANG_WARN_OBJC_IMPLICIT_RETAIN_SELF = YES;
				CLANG_WARN_OBJC_LITERAL_CONVERSION = YES;
				CLANG_WARN_OBJC_ROOT_CLASS = YES_ERROR;
				CLANG_WARN_RANGE_LOOP_ANALYSIS = YES;
				CLANG_WARN_STRICT_PROTOTYPES = YES;
				CLANG_WARN_SUSPICIOUS_MOVE = YES;
				CLANG_WARN_UNGUARDED_AVAILABILITY = YES_AGGRESSIVE;
				CLANG_WARN_UNREACHABLE_CODE = YES;
				CLANG_WARN__DUPLICATE_METHOD_MATCH = YES;
				CODE_SIGN_IDENTITY = "iPhone Developer";
				COPY_PHASE_STRIP = NO;
				DEBUG_INFORMATION_FORMAT = dwarf;
				ENABLE_STRICT_OBJC_MSGSEND = YES;
				ENABLE_TESTABILITY = YES;
				GCC_C_LANGUAGE_STANDARD = gnu11;
				GCC_DYNAMIC_NO_PIC = NO;
				GCC_NO_COMMON_BLOCKS = YES;
				GCC_OPTIMIZATION_LEVEL = 0;
				GCC_PREPROCESSOR_DEFINITIONS = (
					"DEBUG=1",
					"$(inherited)",
				);
				GCC_WARN_64_TO_32_BIT_CONVERSION = YES;
				GCC_WARN_ABOUT_RETURN_TYPE = YES_ERROR;
				GCC_WARN_UNDECLARED_SELECTOR = YES;
				GCC_WARN_UNINITIALIZED_AUTOS = YES_AGGRESSIVE;
				GCC_WARN_UNUSED_FUNCTION = YES;
				GCC_WARN_UNUSED_VARIABLE = YES;
				IPHONEOS_DEPLOYMENT_TARGET = 12.2;
				MTL_ENABLE_DEBUG_INFO = INCLUDE_SOURCE;
				MTL_FAST_MATH = YES;
				ONLY_ACTIVE_ARCH = YES;
				SDKROOT = iphoneos;
				SWIFT_ACTIVE_COMPILATION_CONDITIONS = DEBUG;
				SWIFT_OPTIMIZATION_LEVEL = "-Onone";
			};
			name = Debug;
		};
		9DA0FAFF22EAF5E200C243BD /* Release */ = {
			isa = XCBuildConfiguration;
			buildSettings = {
				ALWAYS_SEARCH_USER_PATHS = NO;
				CLANG_ANALYZER_NONNULL = YES;
				CLANG_ANALYZER_NUMBER_OBJECT_CONVERSION = YES_AGGRESSIVE;
				CLANG_CXX_LANGUAGE_STANDARD = "gnu++14";
				CLANG_CXX_LIBRARY = "libc++";
				CLANG_ENABLE_MODULES = YES;
				CLANG_ENABLE_OBJC_ARC = YES;
				CLANG_ENABLE_OBJC_WEAK = YES;
				CLANG_WARN_BLOCK_CAPTURE_AUTORELEASING = YES;
				CLANG_WARN_BOOL_CONVERSION = YES;
				CLANG_WARN_COMMA = YES;
				CLANG_WARN_CONSTANT_CONVERSION = YES;
				CLANG_WARN_DEPRECATED_OBJC_IMPLEMENTATIONS = YES;
				CLANG_WARN_DIRECT_OBJC_ISA_USAGE = YES_ERROR;
				CLANG_WARN_DOCUMENTATION_COMMENTS = YES;
				CLANG_WARN_EMPTY_BODY = YES;
				CLANG_WARN_ENUM_CONVERSION = YES;
				CLANG_WARN_INFINITE_RECURSION = YES;
				CLANG_WARN_INT_CONVERSION = YES;
				CLANG_WARN_NON_LITERAL_NULL_CONVERSION = YES;
				CLANG_WARN_OBJC_IMPLICIT_RETAIN_SELF = YES;
				CLANG_WARN_OBJC_LITERAL_CONVERSION = YES;
				CLANG_WARN_OBJC_ROOT_CLASS = YES_ERROR;
				CLANG_WARN_RANGE_LOOP_ANALYSIS = YES;
				CLANG_WARN_STRICT_PROTOTYPES = YES;
				CLANG_WARN_SUSPICIOUS_MOVE = YES;
				CLANG_WARN_UNGUARDED_AVAILABILITY = YES_AGGRESSIVE;
				CLANG_WARN_UNREACHABLE_CODE = YES;
				CLANG_WARN__DUPLICATE_METHOD_MATCH = YES;
				CODE_SIGN_IDENTITY = "iPhone Developer";
				COPY_PHASE_STRIP = NO;
				DEBUG_INFORMATION_FORMAT = "dwarf-with-dsym";
				ENABLE_NS_ASSERTIONS = NO;
				ENABLE_STRICT_OBJC_MSGSEND = YES;
				GCC_C_LANGUAGE_STANDARD = gnu11;
				GCC_NO_COMMON_BLOCKS = YES;
				GCC_WARN_64_TO_32_BIT_CONVERSION = YES;
				GCC_WARN_ABOUT_RETURN_TYPE = YES_ERROR;
				GCC_WARN_UNDECLARED_SELECTOR = YES;
				GCC_WARN_UNINITIALIZED_AUTOS = YES_AGGRESSIVE;
				GCC_WARN_UNUSED_FUNCTION = YES;
				GCC_WARN_UNUSED_VARIABLE = YES;
				IPHONEOS_DEPLOYMENT_TARGET = 12.2;
				MTL_ENABLE_DEBUG_INFO = NO;
				MTL_FAST_MATH = YES;
				SDKROOT = iphoneos;
				SWIFT_COMPILATION_MODE = wholemodule;
				SWIFT_OPTIMIZATION_LEVEL = "-O";
				VALIDATE_PRODUCT = YES;
			};
			name = Release;
		};
		9DA0FB0122EAF5E200C243BD /* Debug */ = {
			isa = XCBuildConfiguration;
			buildSettings = {
				ASSETCATALOG_COMPILER_APPICON_NAME = AppIcon;
				CODE_SIGN_STYLE = Automatic;
				DEVELOPMENT_TEAM = GTD2GNGUAY;
				INFOPLIST_FILE = SkyPac/Info.plist;
				LD_RUNPATH_SEARCH_PATHS = (
					"$(inherited)",
					"@executable_path/Frameworks",
				);
				PRODUCT_BUNDLE_IDENTIFIER = com.private.SkyPac;
				PRODUCT_NAME = "$(TARGET_NAME)";
				SWIFT_VERSION = 5.0;
				TARGETED_DEVICE_FAMILY = "1,2";
			};
			name = Debug;
		};
		9DA0FB0222EAF5E200C243BD /* Release */ = {
			isa = XCBuildConfiguration;
			buildSettings = {
				ASSETCATALOG_COMPILER_APPICON_NAME = AppIcon;
				CODE_SIGN_STYLE = Automatic;
				DEVELOPMENT_TEAM = GTD2GNGUAY;
				INFOPLIST_FILE = SkyPac/Info.plist;
				LD_RUNPATH_SEARCH_PATHS = (
					"$(inherited)",
					"@executable_path/Frameworks",
				);
				PRODUCT_BUNDLE_IDENTIFIER = com.private.SkyPac;
				PRODUCT_NAME = "$(TARGET_NAME)";
				SWIFT_VERSION = 5.0;
				TARGETED_DEVICE_FAMILY = "1,2";
			};
			name = Release;
		};
/* End XCBuildConfiguration section */

/* Begin XCConfigurationList section */
		9DA0FAE922EAF5DE00C243BD /* Build configuration list for PBXProject "SkyPac" */ = {
			isa = XCConfigurationList;
			buildConfigurations = (
				9DA0FAFE22EAF5E200C243BD /* Debug */,
				9DA0FAFF22EAF5E200C243BD /* Release */,
			);
			defaultConfigurationIsVisible = 0;
			defaultConfigurationName = Release;
		};
		9DA0FB0022EAF5E200C243BD /* Build configuration list for PBXNativeTarget "SkyPac" */ = {
			isa = XCConfigurationList;
			buildConfigurations = (
				9DA0FB0122EAF5E200C243BD /* Debug */,
				9DA0FB0222EAF5E200C243BD /* Release */,
			);
			defaultConfigurationIsVisible = 0;
			defaultConfigurationName = Release;
		};
/* End XCConfigurationList section */
	};
	rootObject = 9DA0FAE622EAF5DE00C243BD /* Project object */;
}
